
Microsoft Visual Studio Solution File, Format Version 12.00
# Visual Studio Version 17
VisualStudioVersion = 17.9.34902.65
MinimumVisualStudioVersion = 10.0.40219.1
Project("{FAE04EC0-301F-11D3-BF4B-00C04F79EFBC}") = "Geometry", "Geometry\Geometry.csproj", "{7AFEBA47-D5C7-4491-8820-D272F801B058}"
EndProject
Global
	GlobalSection(SolutionConfigurationPlatforms) = preSolution
		Debug|Any CPU = Debug|Any CPU
		Release|Any CPU = Release|Any CPU
	EndGlobalSection
	GlobalSection(ProjectConfigurationPlatforms) = postSolution
		{7AFEBA47-D5C7-4491-8820-D272F801B058}.Debug|Any CPU.ActiveCfg = Debug|Any CPU
		{7AFEBA47-D5C7-4491-8820-D272F801B058}.Debug|Any CPU.Build.0 = Debug|Any CPU
		{7AFEBA47-D5C7-4491-8820-D272F801B058}.Release|Any CPU.ActiveCfg = Release|Any CPU
		{7AFEBA47-D5C7-4491-8820-D272F801B058}.Release|Any CPU.Build.0 = Release|Any CPU
	EndGlobalSection
	GlobalSection(SolutionProperties) = preSolution
		HideSolutionNode = FALSE
	EndGlobalSection
	GlobalSection(ExtensibilityGlobals) = postSolution
		SolutionGuid = {6549787E-90DA-4ED0-92B8-66B198A98BF7}
	EndGlobalSection
EndGlobal
